
Microsoft Visual Studio Solution File, Format Version 12.00
# Visual Studio Version 17
VisualStudioVersion = 17.13.35825.156 d17.13
MinimumVisualStudioVersion = 10.0.40219.1
Project("{FAE04EC0-301F-11D3-BF4B-00C04F79EFBC}") = "GraphFunctionEditor", "GraphFunctionEditor\GraphFunctionEditor.csproj", "{D041B43C-54E2-478C-A942-F5FC7F4F652E}"
EndProject
Global
	GlobalSection(SolutionConfigurationPlatforms) = preSolution
		Debug|Any CPU = Debug|Any CPU
		Release|Any CPU = Release|Any CPU
	EndGlobalSection
	GlobalSection(ProjectConfigurationPlatforms) = postSolution
		{D041B43C-54E2-478C-A942-F5FC7F4F652E}.Debug|Any CPU.ActiveCfg = Debug|Any CPU
		{D041B43C-54E2-478C-A942-F5FC7F4F652E}.Debug|Any CPU.Build.0 = Debug|Any CPU
		{D041B43C-54E2-478C-A942-F5FC7F4F652E}.Release|Any CPU.ActiveCfg = Release|Any CPU
		{D041B43C-54E2-478C-A942-F5FC7F4F652E}.Release|Any CPU.Build.0 = Release|Any CPU
	EndGlobalSection
	GlobalSection(SolutionProperties) = preSolution
		HideSolutionNode = FALSE
	EndGlobalSection
	GlobalSection(ExtensibilityGlobals) = postSolution
		SolutionGuid = {8CD191E6-53E4-4C2C-AA76-294142B0EFB4}
	EndGlobalSection
EndGlobal
